<?xml version="1.0" encoding="UTF-8" standalone="yes" ?>
<CodeBlocks_project_file>
	<FileVersion major="1" minor="6" />
	<Project>
		<Option title="Playback" />
		<Option pch_mode="2" />
		<Option compiler="gcc" />
		<Build>
			<Target title="Debug">
				<Option output="bin/Debug/Playback" prefix_auto="1" extension_auto="1" />
				<Option object_output="obj/Debug/" />
				<Option type="1" />
				<Option compiler="gcc" />
				<Compiler>
					<Add option="-std=c++11" />
					<Add option="-m64" />
					<Add option="-g" />
					<Add directory="include" />
				</Compiler>
				<Linker>
					<Add option="-m64" />
					<Add option="-lglfw3 -lGL -lGLU -lX11 -lXi -lXrandr -lXxf86vm -lXinerama -lXcursor -ldl -lrt -lm -pthread" />
				</Linker>
			</Target>
			<Target title="Release">
				<Option output="bin/Release/Playback" prefix_auto="1" extension_auto="1" />
				<Option object_output="obj/Release/" />
				<Option type="1" />
				<Option compiler="gcc" />
				<Compiler>
					<Add option="-march=core2" />
					<Add option="-O3" />
					<Add option="-std=c++11" />
					<Add option="-m64" />
					<Add directory="include" />
				</Compiler>
				<Linker>
					<Add option="-s" />
					<Add option="-m64" />
					<Add option="-lglfw3 -lGL -lGLU -lX11 -lXi -lXrandr -lXxf86vm -lXinerama -lXcursor -ldl -lrt -lm -pthread" />
				</Linker>
			</Target>
		</Build>
		<Compiler>
			<Add option="-Wall" />
		</Compiler>
		<Unit filename="CommentFlair.txt">
			<Option target="&lt;{~None~}&gt;" />
		</Unit>
		<Unit filename="Player.cpp" />
		<Unit filename="Player.h" />
		<Unit filename="devcons.cpp" />
		<Unit filename="devcons.h" />
		<Unit filename="main.cpp" />
		<Unit filename="render/ogl/render_ogl3.cpp" />
		<Unit filename="render/ogl/render_ogl3.h" />
		<Unit filename="util.cpp" />
		<Unit filename="util.h" />
		<Unit filename="ver.h" />
		<Extensions>
			<code_completion />
			<debugger />
			<envvars />
		</Extensions>
	</Project>
</CodeBlocks_project_file>
